{
  "name": "Web-Apps",
  "lockfileVersion": 3,
  "requires": true,
  "packages": {
    "": {
      "dependencies": {
        "@sendspin/sendspin-js": "^3.1.0"
      }
    },
    "node_modules/@sendspin/sendspin-js": {
      "version": "3.1.0",
      "resolved": "https://registry.npmjs.org/@sendspin/sendspin-js/-/sendspin-js-3.1.0.tgz",
      "integrity": "sha512-tljpoE7JwGIvAMk9M+UBGKkur4ME1RyZRxIV/FFJ0trp6fJOC5bWjewaO8bgm9ybEKO64su5PMbn/u63YzlaMQ==",
      "license": "Apache-2.0",
      "dependencies": {
        "opus-encdec": "^0.1.1"
      },
      "engines": {
        "node": ">=16.0.0"
      }
    },
    "node_modules/opus-encdec": {
      "version": "0.1.1",
      "resolved": "https://registry.npmjs.org/opus-encdec/-/opus-encdec-0.1.1.tgz",
      "integrity": "sha512-TDzyGqYqrwn5UEUNaLsfLGu8Ma+HRNrgLYj7Vx5wfTnafAA21G6Bnm/qTIa3orQi/yZPZYmkdpO/gez4nfA1Rw==",
      "license": "MIT"
    }
  }
}
